// !$*UTF8*$!
{
	archiveVersion = 1;
	classes = {
	};
	objectVersion = 46;
	objects = {

/* Begin PBXBuildFile section */
		150728841F39C3FE0032B905 /* QFCellModel.m in Sources */ = {isa = PBXBuildFile; fileRef = 150728791F39C3FE0032B905 /* QFCellModel.m */; };
		150728851F39C3FE0032B905 /* QFSectionModel.m in Sources */ = {isa = PBXBuildFile; fileRef = 1507287B1F39C3FE0032B905 /* QFSectionModel.m */; };
		150728861F39C3FE0032B905 /* QFTableModel.m in Sources */ = {isa = PBXBuildFile; fileRef = 1507287D1F39C3FE0032B905 /* QFTableModel.m */; };
		150728871F39C3FE0032B905 /* NSObject+selector.m in Sources */ = {isa = PBXBuildFile; fileRef = 150728801F39C3FE0032B905 /* NSObject+selector.m */; };
		150728881F39C3FE0032B905 /* QFTableView.m in Sources */ = {isa = PBXBuildFile; fileRef = 150728831F39C3FE0032B905 /* QFTableView.m */; };
		1507288B1F39C4DA0032B905 /* QFBaseCell.m in Sources */ = {isa = PBXBuildFile; fileRef = 1507288A1F39C4DA0032B905 /* QFBaseCell.m */; };
		154C65C51F3418490060A4C0 /* main.m in Sources */ = {isa = PBXBuildFile; fileRef = 154C65C41F3418490060A4C0 /* main.m */; };
		154C65C81F3418490060A4C0 /* AppDelegate.m in Sources */ = {isa = PBXBuildFile; fileRef = 154C65C71F3418490060A4C0 /* AppDelegate.m */; };
		154C65CB1F34184A0060A4C0 /* ViewController.m in Sources */ = {isa = PBXBuildFile; fileRef = 154C65CA1F34184A0060A4C0 /* ViewController.m */; };
		154C65CE1F34184A0060A4C0 /* Main.storyboard in Resources */ = {isa = PBXBuildFile; fileRef = 154C65CC1F34184A0060A4C0 /* Main.storyboard */; };
		154C65D01F34184A0060A4C0 /* Assets.xcassets in Resources */ = {isa = PBXBuildFile; fileRef = 154C65CF1F34184A0060A4C0 /* Assets.xcassets */; };
		154C65D31F34184A0060A4C0 /* LaunchScreen.storyboard in Resources */ = {isa = PBXBuildFile; fileRef = 154C65D11F34184A0060A4C0 /* LaunchScreen.storyboard */; };
		1570E50B1F38377E0022329A /* QFLeftImageCell.m in Sources */ = {isa = PBXBuildFile; fileRef = 1570E4FA1F38377E0022329A /* QFLeftImageCell.m */; };
		1570E50D1F38377E0022329A /* QFLogoCell.m in Sources */ = {isa = PBXBuildFile; fileRef = 1570E4FE1F38377E0022329A /* QFLogoCell.m */; };
		1570E50F1F38377E0022329A /* QFRightImageCell.m in Sources */ = {isa = PBXBuildFile; fileRef = 1570E5021F38377E0022329A /* QFRightImageCell.m */; };
		1570E5111F38377E0022329A /* QFSwitchCell.m in Sources */ = {isa = PBXBuildFile; fileRef = 1570E5061F38377E0022329A /* QFSwitchCell.m */; };
		1570E5131F38377E0022329A /* jsonFile.geojson in Resources */ = {isa = PBXBuildFile; fileRef = 1570E50A1F38377E0022329A /* jsonFile.geojson */; };
		15B0768B1FA9901D00659F65 /* UILabel+QFUtil.m in Sources */ = {isa = PBXBuildFile; fileRef = 15B0768A1FA9901D00659F65 /* UILabel+QFUtil.m */; };
		15F497441F73755E005F7F68 /* QFCustomCell.m in Sources */ = {isa = PBXBuildFile; fileRef = 15F497431F73755E005F7F68 /* QFCustomCell.m */; };
		5D40F858FBDE9471DD342B76 /* libPods-QFTableProject.a in Frameworks */ = {isa = PBXBuildFile; fileRef = E25E9FE2CB1BA1ACED4001C0 /* libPods-QFTableProject.a */; };
/* End PBXBuildFile section */

/* Begin PBXFileReference section */
		150728781F39C3FE0032B905 /* QFCellModel.h */ = {isa = PBXFileReference; fileEncoding = 4; lastKnownFileType = sourcecode.c.h; path = QFCellModel.h; sourceTree = "<group>"; };
		150728791F39C3FE0032B905 /* QFCellModel.m */ = {isa = PBXFileReference; fileEncoding = 4; lastKnownFileType = sourcecode.c.objc; path = QFCellModel.m; sourceTree = "<group>"; };
		1507287A1F39C3FE0032B905 /* QFSectionModel.h */ = {isa = PBXFileReference; fileEncoding = 4; lastKnownFileType = sourcecode.c.h; path = QFSectionModel.h; sourceTree = "<group>"; };
		1507287B1F39C3FE0032B905 /* QFSectionModel.m */ = {isa = PBXFileReference; fileEncoding = 4; lastKnownFileType = sourcecode.c.objc; path = QFSectionModel.m; sourceTree = "<group>"; };
		1507287C1F39C3FE0032B905 /* QFTableModel.h */ = {isa = PBXFileReference; fileEncoding = 4; lastKnownFileType = sourcecode.c.h; path = QFTableModel.h; sourceTree = "<group>"; };
		1507287D1F39C3FE0032B905 /* QFTableModel.m */ = {isa = PBXFileReference; fileEncoding = 4; lastKnownFileType = sourcecode.c.objc; path = QFTableModel.m; sourceTree = "<group>"; };
		1507287F1F39C3FE0032B905 /* NSObject+selector.h */ = {isa = PBXFileReference; fileEncoding = 4; lastKnownFileType = sourcecode.c.h; path = "NSObject+selector.h"; sourceTree = "<group>"; };
		150728801F39C3FE0032B905 /* NSObject+selector.m */ = {isa = PBXFileReference; fileEncoding = 4; lastKnownFileType = sourcecode.c.objc; path = "NSObject+selector.m"; sourceTree = "<group>"; };
		150728821F39C3FE0032B905 /* QFTableView.h */ = {isa = PBXFileReference; fileEncoding = 4; lastKnownFileType = sourcecode.c.h; path = QFTableView.h; sourceTree = "<group>"; };
		150728831F39C3FE0032B905 /* QFTableView.m */ = {isa = PBXFileReference; fileEncoding = 4; lastKnownFileType = sourcecode.c.objc; path = QFTableView.m; sourceTree = "<group>"; };
		150728891F39C4DA0032B905 /* QFBaseCell.h */ = {isa = PBXFileReference; fileEncoding = 4; lastKnownFileType = sourcecode.c.h; path = QFBaseCell.h; sourceTree = "<group>"; };
		1507288A1F39C4DA0032B905 /* QFBaseCell.m */ = {isa = PBXFileReference; fileEncoding = 4; lastKnownFileType = sourcecode.c.objc; path = QFBaseCell.m; sourceTree = "<group>"; };
		154C65C01F3418490060A4C0 /* QFTableProject.app */ = {isa = PBXFileReference; explicitFileType = wrapper.application; includeInIndex = 0; path = QFTableProject.app; sourceTree = BUILT_PRODUCTS_DIR; };
		154C65C41F3418490060A4C0 /* main.m */ = {isa = PBXFileReference; lastKnownFileType = sourcecode.c.objc; path = main.m; sourceTree = "<group>"; };
		154C65C61F3418490060A4C0 /* AppDelegate.h */ = {isa = PBXFileReference; lastKnownFileType = sourcecode.c.h; path = AppDelegate.h; sourceTree = "<group>"; };
		154C65C71F3418490060A4C0 /* AppDelegate.m */ = {isa = PBXFileReference; lastKnownFileType = sourcecode.c.objc; path = AppDelegate.m; sourceTree = "<group>"; };
		154C65C91F3418490060A4C0 /* ViewController.h */ = {isa = PBXFileReference; lastKnownFileType = sourcecode.c.h; path = ViewController.h; sourceTree = "<group>"; };
		154C65CA1F34184A0060A4C0 /* ViewController.m */ = {isa = PBXFileReference; lastKnownFileType = sourcecode.c.objc; path = ViewController.m; sourceTree = "<group>"; };
		154C65CD1F34184A0060A4C0 /* Base */ = {isa = PBXFileReference; lastKnownFileType = file.storyboard; name = Base; path = Base.lproj/Main.storyboard; sourceTree = "<group>"; };
		154C65CF1F34184A0060A4C0 /* Assets.xcassets */ = {isa = PBXFileReference; lastKnownFileType = folder.assetcatalog; path = Assets.xcassets; sourceTree = "<group>"; };
		154C65D21F34184A0060A4C0 /* Base */ = {isa = PBXFileReference; lastKnownFileType = file.storyboard; name = Base; path = Base.lproj/LaunchScreen.storyboard; sourceTree = "<group>"; };
		154C65D41F34184A0060A4C0 /* Info.plist */ = {isa = PBXFileReference; lastKnownFileType = text.plist.xml; path = Info.plist; sourceTree = "<group>"; };
		1570E4F91F38377E0022329A /* QFLeftImageCell.h */ = {isa = PBXFileReference; fileEncoding = 4; lastKnownFileType = sourcecode.c.h; path = QFLeftImageCell.h; sourceTree = "<group>"; };
		1570E4FA1F38377E0022329A /* QFLeftImageCell.m */ = {isa = PBXFileReference; fileEncoding = 4; lastKnownFileType = sourcecode.c.objc; path = QFLeftImageCell.m; sourceTree = "<group>"; };
		1570E4FD1F38377E0022329A /* QFLogoCell.h */ = {isa = PBXFileReference; fileEncoding = 4; lastKnownFileType = sourcecode.c.h; path = QFLogoCell.h; sourceTree = "<group>"; };
		1570E4FE1F38377E0022329A /* QFLogoCell.m */ = {isa = PBXFileReference; fileEncoding = 4; lastKnownFileType = sourcecode.c.objc; path = QFLogoCell.m; sourceTree = "<group>"; };
		1570E5011F38377E0022329A /* QFRightImageCell.h */ = {isa = PBXFileReference; fileEncoding = 4; lastKnownFileType = sourcecode.c.h; path = QFRightImageCell.h; sourceTree = "<group>"; };
		1570E5021F38377E0022329A /* QFRightImageCell.m */ = {isa = PBXFileReference; fileEncoding = 4; lastKnownFileType = sourcecode.c.objc; path = QFRightImageCell.m; sourceTree = "<group>"; };
		1570E5051F38377E0022329A /* QFSwitchCell.h */ = {isa = PBXFileReference; fileEncoding = 4; lastKnownFileType = sourcecode.c.h; path = QFSwitchCell.h; sourceTree = "<group>"; };
		1570E5061F38377E0022329A /* QFSwitchCell.m */ = {isa = PBXFileReference; fileEncoding = 4; lastKnownFileType = sourcecode.c.objc; path = QFSwitchCell.m; sourceTree = "<group>"; };
		1570E50A1F38377E0022329A /* jsonFile.geojson */ = {isa = PBXFileReference; fileEncoding = 4; lastKnownFileType = text; path = jsonFile.geojson; sourceTree = "<group>"; };
		1570E52E1F383CEA0022329A /* QFWeakDefine.h */ = {isa = PBXFileReference; fileEncoding = 4; lastKnownFileType = sourcecode.c.h; path = QFWeakDefine.h; sourceTree = "<group>"; };
		15B076891FA9901D00659F65 /* UILabel+QFUtil.h */ = {isa = PBXFileReference; fileEncoding = 4; lastKnownFileType = sourcecode.c.h; path = "UILabel+QFUtil.h"; sourceTree = "<group>"; };
		15B0768A1FA9901D00659F65 /* UILabel+QFUtil.m */ = {isa = PBXFileReference; fileEncoding = 4; lastKnownFileType = sourcecode.c.objc; path = "UILabel+QFUtil.m"; sourceTree = "<group>"; };
		15F497421F73755E005F7F68 /* QFCustomCell.h */ = {isa = PBXFileReference; fileEncoding = 4; lastKnownFileType = sourcecode.c.h; path = QFCustomCell.h; sourceTree = "<group>"; };
		15F497431F73755E005F7F68 /* QFCustomCell.m */ = {isa = PBXFileReference; fileEncoding = 4; lastKnownFileType = sourcecode.c.objc; path = QFCustomCell.m; sourceTree = "<group>"; };
		9B01B75CFD6B0755D48FD6E5 /* Pods-QFTableProject.release.xcconfig */ = {isa = PBXFileReference; includeInIndex = 1; lastKnownFileType = text.xcconfig; name = "Pods-QFTableProject.release.xcconfig"; path = "Pods/Target Support Files/Pods-QFTableProject/Pods-QFTableProject.release.xcconfig"; sourceTree = "<group>"; };
		B0EA4840998F05EF1F7BC178 /* Pods-QFTableProject.debug.xcconfig */ = {isa = PBXFileReference; includeInIndex = 1; lastKnownFileType = text.xcconfig; name = "Pods-QFTableProject.debug.xcconfig"; path = "Pods/Target Support Files/Pods-QFTableProject/Pods-QFTableProject.debug.xcconfig"; sourceTree = "<group>"; };
		E25E9FE2CB1BA1ACED4001C0 /* libPods-QFTableProject.a */ = {isa = PBXFileReference; explicitFileType = archive.ar; includeInIndex = 0; path = "libPods-QFTableProject.a"; sourceTree = BUILT_PRODUCTS_DIR; };
/* End PBXFileReference section */

/* Begin PBXFrameworksBuildPhase section */
		154C65BD1F3418490060A4C0 /* Frameworks */ = {
			isa = PBXFrameworksBuildPhase;
			buildActionMask = 2147483647;
			files = (
				5D40F858FBDE9471DD342B76 /* libPods-QFTableProject.a in Frameworks */,
			);
			runOnlyForDeploymentPostprocessing = 0;
		};
/* End PBXFrameworksBuildPhase section */

/* Begin PBXGroup section */
		0056661B9EAB4E026FB7E37A /* Frameworks */ = {
			isa = PBXGroup;
			children = (
				E25E9FE2CB1BA1ACED4001C0 /* libPods-QFTableProject.a */,
			);
			name = Frameworks;
			sourceTree = "<group>";
		};
		150728761F39C3FE0032B905 /* QFTable */ = {
			isa = PBXGroup;
			children = (
				15B076881FA9901D00659F65 /* UILabel+QFUtil */,
				150728771F39C3FE0032B905 /* Model */,
				1507287E1F39C3FE0032B905 /* NSObject+selector */,
				150728811F39C3FE0032B905 /* View */,
			);
			path = QFTable;
			sourceTree = "<group>";
		};
		150728771F39C3FE0032B905 /* Model */ = {
			isa = PBXGroup;
			children = (
				150728781F39C3FE0032B905 /* QFCellModel.h */,
				150728791F39C3FE0032B905 /* QFCellModel.m */,
				1507287A1F39C3FE0032B905 /* QFSectionModel.h */,
				1507287B1F39C3FE0032B905 /* QFSectionModel.m */,
				1507287C1F39C3FE0032B905 /* QFTableModel.h */,
				1507287D1F39C3FE0032B905 /* QFTableModel.m */,
			);
			path = Model;
			sourceTree = "<group>";
		};
		1507287E1F39C3FE0032B905 /* NSObject+selector */ = {
			isa = PBXGroup;
			children = (
				1507287F1F39C3FE0032B905 /* NSObject+selector.h */,
				150728801F39C3FE0032B905 /* NSObject+selector.m */,
			);
			path = "NSObject+selector";
			sourceTree = "<group>";
		};
		150728811F39C3FE0032B905 /* View */ = {
			isa = PBXGroup;
			children = (
				150728821F39C3FE0032B905 /* QFTableView.h */,
				150728831F39C3FE0032B905 /* QFTableView.m */,
			);
			path = View;
			sourceTree = "<group>";
		};
		154C65B71F3418490060A4C0 = {
			isa = PBXGroup;
			children = (
				154C65C21F3418490060A4C0 /* QFTableProject */,
				154C65C11F3418490060A4C0 /* Products */,
				4AA22BC695F25BD671C40A1E /* Pods */,
				0056661B9EAB4E026FB7E37A /* Frameworks */,
			);
			sourceTree = "<group>";
		};
		154C65C11F3418490060A4C0 /* Products */ = {
			isa = PBXGroup;
			children = (
				154C65C01F3418490060A4C0 /* QFTableProject.app */,
			);
			name = Products;
			sourceTree = "<group>";
		};
		154C65C21F3418490060A4C0 /* QFTableProject */ = {
			isa = PBXGroup;
			children = (
				150728761F39C3FE0032B905 /* QFTable */,
				1570E4F71F38377E0022329A /* QFTool */,
				154C65C61F3418490060A4C0 /* AppDelegate.h */,
				154C65C71F3418490060A4C0 /* AppDelegate.m */,
				154C65C91F3418490060A4C0 /* ViewController.h */,
				154C65CA1F34184A0060A4C0 /* ViewController.m */,
				154C65CC1F34184A0060A4C0 /* Main.storyboard */,
				154C65CF1F34184A0060A4C0 /* Assets.xcassets */,
				154C65D11F34184A0060A4C0 /* LaunchScreen.storyboard */,
				154C65D41F34184A0060A4C0 /* Info.plist */,
				154C65C31F3418490060A4C0 /* Supporting Files */,
			);
			path = QFTableProject;
			sourceTree = "<group>";
		};
		154C65C31F3418490060A4C0 /* Supporting Files */ = {
			isa = PBXGroup;
			children = (
				154C65C41F3418490060A4C0 /* main.m */,
			);
			name = "Supporting Files";
			sourceTree = "<group>";
		};
		1570E4F71F38377E0022329A /* QFTool */ = {
			isa = PBXGroup;
			children = (
				1570E52D1F383CEA0022329A /* Define */,
				1570E4F81F38377E0022329A /* Cells */,
				1570E5091F38377E0022329A /* Resource */,
			);
			path = QFTool;
			sourceTree = "<group>";
		};
		1570E4F81F38377E0022329A /* Cells */ = {
			isa = PBXGroup;
			children = (
				150728891F39C4DA0032B905 /* QFBaseCell.h */,
				1507288A1F39C4DA0032B905 /* QFBaseCell.m */,
				1570E4F91F38377E0022329A /* QFLeftImageCell.h */,
				1570E4FA1F38377E0022329A /* QFLeftImageCell.m */,
				1570E4FD1F38377E0022329A /* QFLogoCell.h */,
				1570E4FE1F38377E0022329A /* QFLogoCell.m */,
				15F497421F73755E005F7F68 /* QFCustomCell.h */,
				15F497431F73755E005F7F68 /* QFCustomCell.m */,
				1570E5011F38377E0022329A /* QFRightImageCell.h */,
				1570E5021F38377E0022329A /* QFRightImageCell.m */,
				1570E5051F38377E0022329A /* QFSwitchCell.h */,
				1570E5061F38377E0022329A /* QFSwitchCell.m */,
			);
			path = Cells;
			sourceTree = "<group>";
		};
		1570E5091F38377E0022329A /* Resource */ = {
			isa = PBXGroup;
			children = (
				1570E50A1F38377E0022329A /* jsonFile.geojson */,
			);
			path = Resource;
			sourceTree = "<group>";
		};
		1570E52D1F383CEA0022329A /* Define */ = {
			isa = PBXGroup;
			children = (
				1570E52E1F383CEA0022329A /* QFWeakDefine.h */,
			);
			path = Define;
			sourceTree = "<group>";
		};
		15B076881FA9901D00659F65 /* UILabel+QFUtil */ = {
			isa = PBXGroup;
			children = (
				15B076891FA9901D00659F65 /* UILabel+QFUtil.h */,
				15B0768A1FA9901D00659F65 /* UILabel+QFUtil.m */,
			);
			path = "UILabel+QFUtil";
			sourceTree = "<group>";
		};
		4AA22BC695F25BD671C40A1E /* Pods */ = {
			isa = PBXGroup;
			children = (
				B0EA4840998F05EF1F7BC178 /* Pods-QFTableProject.debug.xcconfig */,
				9B01B75CFD6B0755D48FD6E5 /* Pods-QFTableProject.release.xcconfig */,
			);
			name = Pods;
			sourceTree = "<group>";
		};
/* End PBXGroup section */

/* Begin PBXNativeTarget section */
		154C65BF1F3418490060A4C0 /* QFTableProject */ = {
			isa = PBXNativeTarget;
			buildConfigurationList = 154C65D71F34184A0060A4C0 /* Build configuration list for PBXNativeTarget "QFTableProject" */;
			buildPhases = (
				C9ABFD53915BDA469C309C90 /* [CP] Check Pods Manifest.lock */,
				154C65BC1F3418490060A4C0 /* Sources */,
				154C65BD1F3418490060A4C0 /* Frameworks */,
				154C65BE1F3418490060A4C0 /* Resources */,
				1930FB2C0382F79629BDB3CE /* [CP] Embed Pods Frameworks */,
				72D32DA973A650CCC1367CF5 /* [CP] Copy Pods Resources */,
			);
			buildRules = (
			);
			dependencies = (
			);
			name = QFTableProject;
			productName = QFTableProject;
			productReference = 154C65C01F3418490060A4C0 /* QFTableProject.app */;
			productType = "com.apple.product-type.application";
		};
/* End PBXNativeTarget section */

/* Begin PBXProject section */
		154C65B81F3418490060A4C0 /* Project object */ = {
			isa = PBXProject;
			attributes = {
				LastUpgradeCheck = 0830;
				ORGANIZATIONNAME = dqfStudio;
				TargetAttributes = {
					154C65BF1F3418490060A4C0 = {
						CreatedOnToolsVersion = 8.3.3;
						DevelopmentTeam = Q65W64YB94;
						ProvisioningStyle = Automatic;
					};
				};
			};
			buildConfigurationList = 154C65BB1F3418490060A4C0 /* Build configuration list for PBXProject "QFTableProject" */;
			compatibilityVersion = "Xcode 3.2";
			developmentRegion = English;
			hasScannedForEncodings = 0;
			knownRegions = (
				en,
				Base,
			);
			mainGroup = 154C65B71F3418490060A4C0;
			productRefGroup = 154C65C11F3418490060A4C0 /* Products */;
			projectDirPath = "";
			projectRoot = "";
			targets = (
				154C65BF1F3418490060A4C0 /* QFTableProject */,
			);
		};
/* End PBXProject section */

/* Begin PBXResourcesBuildPhase section */
		154C65BE1F3418490060A4C0 /* Resources */ = {
			isa = PBXResourcesBuildPhase;
			buildActionMask = 2147483647;
			files = (
				154C65D31F34184A0060A4C0 /* LaunchScreen.storyboard in Resources */,
				1570E5131F38377E0022329A /* jsonFile.geojson in Resources */,
				154C65D01F34184A0060A4C0 /* Assets.xcassets in Resources */,
				154C65CE1F34184A0060A4C0 /* Main.storyboard in Resources */,
			);
			runOnlyForDeploymentPostprocessing = 0;
		};
/* End PBXResourcesBuildPhase section */

/* Begin PBXShellScriptBuildPhase section */
		1930FB2C0382F79629BDB3CE /* [CP] Embed Pods Frameworks */ = {
			isa = PBXShellScriptBuildPhase;
			buildActionMask = 2147483647;
			files = (
			);
			inputPaths = (
			);
			name = "[CP] Embed Pods Frameworks";
			outputPaths = (
			);
			runOnlyForDeploymentPostprocessing = 0;
			shellPath = /bin/sh;
			shellScript = "\"${SRCROOT}/Pods/Target Support Files/Pods-QFTableProject/Pods-QFTableProject-frameworks.sh\"\n";
			showEnvVarsInLog = 0;
		};
		72D32DA973A650CCC1367CF5 /* [CP] Copy Pods Resources */ = {
			isa = PBXShellScriptBuildPhase;
			buildActionMask = 2147483647;
			files = (
			);
			inputPaths = (
			);
			name = "[CP] Copy Pods Resources";
			outputPaths = (
			);
			runOnlyForDeploymentPostprocessing = 0;
			shellPath = /bin/sh;
			shellScript = "\"${SRCROOT}/Pods/Target Support Files/Pods-QFTableProject/Pods-QFTableProject-resources.sh\"\n";
			showEnvVarsInLog = 0;
		};
		C9ABFD53915BDA469C309C90 /* [CP] Check Pods Manifest.lock */ = {
			isa = PBXShellScriptBuildPhase;
			buildActionMask = 2147483647;
			files = (
			);
			inputPaths = (
			);
			name = "[CP] Check Pods Manifest.lock";
			outputPaths = (
			);
			runOnlyForDeploymentPostprocessing = 0;
			shellPath = /bin/sh;
			shellScript = "diff \"${PODS_PODFILE_DIR_PATH}/Podfile.lock\" \"${PODS_ROOT}/Manifest.lock\" > /dev/null\nif [ $? != 0 ] ; then\n    # print error to STDERR\n    echo \"error: The sandbox is not in sync with the Podfile.lock. Run 'pod install' or update your CocoaPods installation.\" >&2\n    exit 1\nfi\n";
			showEnvVarsInLog = 0;
		};
/* End PBXShellScriptBuildPhase section */

/* Begin PBXSourcesBuildPhase section */
		154C65BC1F3418490060A4C0 /* Sources */ = {
			isa = PBXSourcesBuildPhase;
			buildActionMask = 2147483647;
			files = (
				154C65CB1F34184A0060A4C0 /* ViewController.m in Sources */,
				150728851F39C3FE0032B905 /* QFSectionModel.m in Sources */,
				150728881F39C3FE0032B905 /* QFTableView.m in Sources */,
				1507288B1F39C4DA0032B905 /* QFBaseCell.m in Sources */,
				1570E50B1F38377E0022329A /* QFLeftImageCell.m in Sources */,
				154C65C81F3418490060A4C0 /* AppDelegate.m in Sources */,
				150728841F39C3FE0032B905 /* QFCellModel.m in Sources */,
				1570E5111F38377E0022329A /* QFSwitchCell.m in Sources */,
				1570E50F1F38377E0022329A /* QFRightImageCell.m in Sources */,
				15F497441F73755E005F7F68 /* QFCustomCell.m in Sources */,
				150728861F39C3FE0032B905 /* QFTableModel.m in Sources */,
				154C65C51F3418490060A4C0 /* main.m in Sources */,
				150728871F39C3FE0032B905 /* NSObject+selector.m in Sources */,
				1570E50D1F38377E0022329A /* QFLogoCell.m in Sources */,
				15B0768B1FA9901D00659F65 /* UILabel+QFUtil.m in Sources */,
			);
			runOnlyForDeploymentPostprocessing = 0;
		};
/* End PBXSourcesBuildPhase section */

/* Begin PBXVariantGroup section */
		154C65CC1F34184A0060A4C0 /* Main.storyboard */ = {
			isa = PBXVariantGroup;
			children = (
				154C65CD1F34184A0060A4C0 /* Base */,
			);
			name = Main.storyboard;
			sourceTree = "<group>";
		};
		154C65D11F34184A0060A4C0 /* LaunchScreen.storyboard */ = {
			isa = PBXVariantGroup;
			children = (
				154C65D21F34184A0060A4C0 /* Base */,
			);
			name = LaunchScreen.storyboard;
			sourceTree = "<group>";
		};
/* End PBXVariantGroup section */

/* Begin XCBuildConfiguration section */
		154C65D51F34184A0060A4C0 /* Debug */ = {
			isa = XCBuildConfiguration;
			buildSettings = {
				ALWAYS_SEARCH_USER_PATHS = NO;
				CLANG_ANALYZER_NONNULL = YES;
				CLANG_ANALYZER_NUMBER_OBJECT_CONVERSION = YES_AGGRESSIVE;
				CLANG_CXX_LANGUAGE_STANDARD = "gnu++0x";
				CLANG_CXX_LIBRARY = "libc++";
				CLANG_ENABLE_MODULES = YES;
				CLANG_ENABLE_OBJC_ARC = YES;
				CLANG_WARN_BOOL_CONVERSION = YES;
				CLANG_WARN_CONSTANT_CONVERSION = YES;
				CLANG_WARN_DIRECT_OBJC_ISA_USAGE = YES_ERROR;
				CLANG_WARN_DOCUMENTATION_COMMENTS = YES;
				CLANG_WARN_EMPTY_BODY = YES;
				CLANG_WARN_ENUM_CONVERSION = YES;
				CLANG_WARN_INFINITE_RECURSION = YES;
				CLANG_WARN_INT_CONVERSION = YES;
				CLANG_WARN_OBJC_ROOT_CLASS = YES_ERROR;
				CLANG_WARN_SUSPICIOUS_MOVE = YES;
				CLANG_WARN_UNREACHABLE_CODE = YES;
				CLANG_WARN__DUPLICATE_METHOD_MATCH = YES;
				"CODE_SIGN_IDENTITY[sdk=iphoneos*]" = "iPhone Developer";
				COPY_PHASE_STRIP = NO;
				DEBUG_INFORMATION_FORMAT = dwarf;
				ENABLE_STRICT_OBJC_MSGSEND = YES;
				ENABLE_TESTABILITY = YES;
				GCC_C_LANGUAGE_STANDARD = gnu99;
				GCC_DYNAMIC_NO_PIC = NO;
				GCC_NO_COMMON_BLOCKS = YES;
				GCC_OPTIMIZATION_LEVEL = 0;
				GCC_PREPROCESSOR_DEFINITIONS = (
					"DEBUG=1",
					"$(inherited)",
				);
				GCC_WARN_64_TO_32_BIT_CONVERSION = YES;
				GCC_WARN_ABOUT_RETURN_TYPE = YES_ERROR;
				GCC_WARN_UNDECLARED_SELECTOR = YES;
				GCC_WARN_UNINITIALIZED_AUTOS = YES_AGGRESSIVE;
				GCC_WARN_UNUSED_FUNCTION = YES;
				GCC_WARN_UNUSED_VARIABLE = YES;
				IPHONEOS_DEPLOYMENT_TARGET = 8.0;
				MTL_ENABLE_DEBUG_INFO = YES;
				ONLY_ACTIVE_ARCH = YES;
				SDKROOT = iphoneos;
			};
			name = Debug;
		};
		154C65D61F34184A0060A4C0 /* Release */ = {
			isa = XCBuildConfiguration;
			buildSettings = {
				ALWAYS_SEARCH_USER_PATHS = NO;
				CLANG_ANALYZER_NONNULL = YES;
				CLANG_ANALYZER_NUMBER_OBJECT_CONVERSION = YES_AGGRESSIVE;
				CLANG_CXX_LANGUAGE_STANDARD = "gnu++0x";
				CLANG_CXX_LIBRARY = "libc++";
				CLANG_ENABLE_MODULES = YES;
				CLANG_ENABLE_OBJC_ARC = YES;
				CLANG_WARN_BOOL_CONVERSION = YES;
				CLANG_WARN_CONSTANT_CONVERSION = YES;
				CLANG_WARN_DIRECT_OBJC_ISA_USAGE = YES_ERROR;
				CLANG_WARN_DOCUMENTATION_COMMENTS = YES;
				CLANG_WARN_EMPTY_BODY = YES;
				CLANG_WARN_ENUM_CONVERSION = YES;
				CLANG_WARN_INFINITE_RECURSION = YES;
				CLANG_WARN_INT_CONVERSION = YES;
				CLANG_WARN_OBJC_ROOT_CLASS = YES_ERROR;
				CLANG_WARN_SUSPICIOUS_MOVE = YES;
				CLANG_WARN_UNREACHABLE_CODE = YES;
				CLANG_WARN__DUPLICATE_METHOD_MATCH = YES;
				"CODE_SIGN_IDENTITY[sdk=iphoneos*]" = "iPhone Developer";
				COPY_PHASE_STRIP = NO;
				DEBUG_INFORMATION_FORMAT = "dwarf-with-dsym";
				ENABLE_NS_ASSERTIONS = NO;
				ENABLE_STRICT_OBJC_MSGSEND = YES;
				GCC_C_LANGUAGE_STANDARD = gnu99;
				GCC_NO_COMMON_BLOCKS = YES;
				GCC_WARN_64_TO_32_BIT_CONVERSION = YES;
				GCC_WARN_ABOUT_RETURN_TYPE = YES_ERROR;
				GCC_WARN_UNDECLARED_SELECTOR = YES;
				GCC_WARN_UNINITIALIZED_AUTOS = YES_AGGRESSIVE;
				GCC_WARN_UNUSED_FUNCTION = YES;
				GCC_WARN_UNUSED_VARIABLE = YES;
				IPHONEOS_DEPLOYMENT_TARGET = 8.0;
				MTL_ENABLE_DEBUG_INFO = NO;
				SDKROOT = iphoneos;
				VALIDATE_PRODUCT = YES;
			};
			name = Release;
		};
		154C65D81F34184A0060A4C0 /* Debug */ = {
			isa = XCBuildConfiguration;
			baseConfigurationReference = B0EA4840998F05EF1F7BC178 /* Pods-QFTableProject.debug.xcconfig */;
			buildSettings = {
				ASSETCATALOG_COMPILER_APPICON_NAME = AppIcon;
				DEVELOPMENT_TEAM = Q65W64YB94;
				INFOPLIST_FILE = QFTableProject/Info.plist;
				IPHONEOS_DEPLOYMENT_TARGET = 8.0;
				LD_RUNPATH_SEARCH_PATHS = "$(inherited) @executable_path/Frameworks";
				PRODUCT_BUNDLE_IDENTIFIER = com.dqfStudio.QFTableProject;
				PRODUCT_NAME = "$(TARGET_NAME)";
			};
			name = Debug;
		};
		154C65D91F34184A0060A4C0 /* Release */ = {
			isa = XCBuildConfiguration;
			baseConfigurationReference = 9B01B75CFD6B0755D48FD6E5 /* Pods-QFTableProject.release.xcconfig */;
			buildSettings = {
				ASSETCATALOG_COMPILER_APPICON_NAME = AppIcon;
				DEVELOPMENT_TEAM = Q65W64YB94;
				INFOPLIST_FILE = QFTableProject/Info.plist;
				IPHONEOS_DEPLOYMENT_TARGET = 8.0;
				LD_RUNPATH_SEARCH_PATHS = "$(inherited) @executable_path/Frameworks";
				PRODUCT_BUNDLE_IDENTIFIER = com.dqfStudio.QFTableProject;
				PRODUCT_NAME = "$(TARGET_NAME)";
			};
			name = Release;
		};
/* End XCBuildConfiguration section */

/* Begin XCConfigurationList section */
		154C65BB1F3418490060A4C0 /* Build configuration list for PBXProject "QFTableProject" */ = {
			isa = XCConfigurationList;
			buildConfigurations = (
				154C65D51F34184A0060A4C0 /* Debug */,
				154C65D61F34184A0060A4C0 /* Release */,
			);
			defaultConfigurationIsVisible = 0;
			defaultConfigurationName = Release;
		};
		154C65D71F34184A0060A4C0 /* Build configuration list for PBXNativeTarget "QFTableProject" */ = {
			isa = XCConfigurationList;
			buildConfigurations = (
				154C65D81F34184A0060A4C0 /* Debug */,
				154C65D91F34184A0060A4C0 /* Release */,
			);
			defaultConfigurationIsVisible = 0;
			defaultConfigurationName = Release;
		};
/* End XCConfigurationList section */
	};
	rootObject = 154C65B81F3418490060A4C0 /* Project object */;
}
